// !$*UTF8*$!
{
	archiveVersion = 1;
	classes = {
	};
	objectVersion = 55;
	objects = {

/* Begin PBXBuildFile section */
		2227A7BD28B73A0700835165 /* main.swift in Sources */ = {isa = PBXBuildFile; fileRef = 2227A7BC28B73A0700835165 /* main.swift */; };
/* End PBXBuildFile section */

/* Begin PBXCopyFilesBuildPhase section */
		22A8D3BF2816356F001B6294 /* CopyFiles */ = {
			isa = PBXCopyFilesBuildPhase;
			buildActionMask = 2147483647;
			dstPath = /usr/share/man/man1/;
			dstSubfolderSpec = 0;
			files = (
			);
			runOnlyForDeploymentPostprocessing = 1;
		};
/* End PBXCopyFilesBuildPhase section */

/* Begin PBXFileReference section */
		220A2EA728278FE500FD346F /* Lv2_주차요금.swift */ = {isa = PBXFileReference; lastKnownFileType = sourcecode.swift; path = "Lv2_주차요금.swift"; sourceTree = "<group>"; };
		221CC277284458EE009F4851 /* 2667.swift */ = {isa = PBXFileReference; lastKnownFileType = sourcecode.swift; path = 2667.swift; sourceTree = "<group>"; };
		2222DBCC28694D8F00C1E24F /* 1012.swift */ = {isa = PBXFileReference; lastKnownFileType = sourcecode.swift; path = 1012.swift; sourceTree = "<group>"; };
		2227A7B828B7180C00835165 /* 1756_시간초과.swift */ = {isa = PBXFileReference; lastKnownFileType = sourcecode.swift; path = "1756_시간초과.swift"; sourceTree = "<group>"; };
		2227A7BA28B71EDB00835165 /* 1756_틀림.swift */ = {isa = PBXFileReference; lastKnownFileType = sourcecode.swift; path = "1756_틀림.swift"; sourceTree = "<group>"; };
		2227A7BC28B73A0700835165 /* main.swift */ = {isa = PBXFileReference; lastKnownFileType = sourcecode.swift; path = main.swift; sourceTree = "<group>"; };
		2228EAC2289E274600EE46DE /* Toss_1.swift */ = {isa = PBXFileReference; lastKnownFileType = sourcecode.swift; path = Toss_1.swift; sourceTree = "<group>"; };
		224AAF34288108940053E66A /* 1679.swift */ = {isa = PBXFileReference; lastKnownFileType = sourcecode.swift; path = 1679.swift; sourceTree = "<group>"; };
		2288477128936F3100C4B210 /* Lv1_신고결과받기.swift */ = {isa = PBXFileReference; lastKnownFileType = sourcecode.swift; path = "Lv1_신고결과받기.swift"; sourceTree = "<group>"; };
		229696E4281F6EE500CB91AA /* 15654.swift */ = {isa = PBXFileReference; lastKnownFileType = sourcecode.swift; path = 15654.swift; sourceTree = "<group>"; };
		22A8D3C12816356F001B6294 /* AlgorithmSwift */ = {isa = PBXFileReference; explicitFileType = "compiled.mach-o.executable"; includeInIndex = 0; path = AlgorithmSwift; sourceTree = BUILT_PRODUCTS_DIR; };
		22A8D3C42816356F001B6294 /* 9095.swift */ = {isa = PBXFileReference; lastKnownFileType = sourcecode.swift; path = 9095.swift; sourceTree = "<group>"; };
		22A8D3CB28163C60001B6294 /* 15649_1.swift */ = {isa = PBXFileReference; lastKnownFileType = sourcecode.swift; path = 15649_1.swift; sourceTree = "<group>"; };
		22A8D3CD28164173001B6294 /* 15649_2.swift */ = {isa = PBXFileReference; lastKnownFileType = sourcecode.swift; path = 15649_2.swift; sourceTree = "<group>"; };
		22A8D3CF281787E3001B6294 /* 15650.swift */ = {isa = PBXFileReference; lastKnownFileType = sourcecode.swift; path = 15650.swift; sourceTree = "<group>"; };
		22A8D3D3281790C1001B6294 /* 15650_2.swift */ = {isa = PBXFileReference; lastKnownFileType = sourcecode.swift; path = 15650_2.swift; sourceTree = "<group>"; };
		22A8D3D528179222001B6294 /* 15651.swift */ = {isa = PBXFileReference; lastKnownFileType = sourcecode.swift; path = 15651.swift; sourceTree = "<group>"; };
		22A8D3D72818D138001B6294 /* 15652.swift */ = {isa = PBXFileReference; lastKnownFileType = sourcecode.swift; path = 15652.swift; sourceTree = "<group>"; };
		22A8D3D92818D60A001B6294 /* Lv1_Crane.swift */ = {isa = PBXFileReference; lastKnownFileType = sourcecode.swift; path = Lv1_Crane.swift; sourceTree = "<group>"; };
		22C89D42283A306300167FA5 /* 14889_시간초과.swift */ = {isa = PBXFileReference; lastKnownFileType = sourcecode.swift; path = "14889_시간초과.swift"; sourceTree = "<group>"; };
		22C89D44283B1C4100167FA5 /* 14889.swift */ = {isa = PBXFileReference; lastKnownFileType = sourcecode.swift; path = 14889.swift; sourceTree = "<group>"; };
		22C89D46283B2FF200167FA5 /* 11724_dfs실패.swift */ = {isa = PBXFileReference; lastKnownFileType = sourcecode.swift; path = "11724_dfs실패.swift"; sourceTree = "<group>"; };
		22C89D4A283C69E300167FA5 /* 11724_bfs성공.swift */ = {isa = PBXFileReference; lastKnownFileType = sourcecode.swift; path = "11724_bfs성공.swift"; sourceTree = "<group>"; };
		22C927C5282F414400E52C9B /* 1260.swift */ = {isa = PBXFileReference; lastKnownFileType = sourcecode.swift; path = 1260.swift; sourceTree = "<group>"; };
		22C927C7282F4CCB00E52C9B /* AlgorithmSwift-Bridging-Header.h */ = {isa = PBXFileReference; lastKnownFileType = sourcecode.c.h; path = "AlgorithmSwift-Bridging-Header.h"; sourceTree = "<group>"; };
		22C927C8282F4CCC00E52C9B /* 10972_재귀문.swift */ = {isa = PBXFileReference; lastKnownFileType = sourcecode.swift; path = "10972_재귀문.swift"; sourceTree = "<group>"; };
		22C927CA282F4FA000E52C9B /* 10972_반복문.swift */ = {isa = PBXFileReference; lastKnownFileType = sourcecode.swift; path = "10972_반복문.swift"; sourceTree = "<group>"; };
		22C927CC2830B0BA00E52C9B /* 14501_실패.swift */ = {isa = PBXFileReference; lastKnownFileType = sourcecode.swift; path = "14501_실패.swift"; sourceTree = "<group>"; };
		22C927CE2830BBF000E52C9B /* 14501_DP.swift */ = {isa = PBXFileReference; lastKnownFileType = sourcecode.swift; path = 14501_DP.swift; sourceTree = "<group>"; };
		22C927D02831DD3C00E52C9B /* 11723_실패.swift */ = {isa = PBXFileReference; lastKnownFileType = sourcecode.swift; path = "11723_실패.swift"; sourceTree = "<group>"; };
		22C927D228332A7800E52C9B /* 11723.swift */ = {isa = PBXFileReference; lastKnownFileType = sourcecode.swift; path = 11723.swift; sourceTree = "<group>"; };
		22C927D328332AE500E52C9B /* 13023.swift */ = {isa = PBXFileReference; lastKnownFileType = sourcecode.swift; path = 13023.swift; sourceTree = "<group>"; };
		22C927D5283531D200E52C9B /* 10819.swift */ = {isa = PBXFileReference; lastKnownFileType = sourcecode.swift; path = 10819.swift; sourceTree = "<group>"; };
		22D4B0A32828FCF00012647F /* 1759.swift */ = {isa = PBXFileReference; lastKnownFileType = sourcecode.swift; path = 1759.swift; sourceTree = "<group>"; };
		22D4B0A52829E59E0012647F /* 1697_재귀.swift */ = {isa = PBXFileReference; lastKnownFileType = sourcecode.swift; path = "1697_재귀.swift"; sourceTree = "<group>"; };
		22D4B0A72829F1810012647F /* 1697_반복문.swift */ = {isa = PBXFileReference; lastKnownFileType = sourcecode.swift; path = "1697_반복문.swift"; sourceTree = "<group>"; };
		22D4B0A9282B40480012647F /* 1991.swift */ = {isa = PBXFileReference; lastKnownFileType = sourcecode.swift; path = 1991.swift; sourceTree = "<group>"; };
		22D4B0AB282BC64C0012647F /* Lv2_순위검색.swift */ = {isa = PBXFileReference; lastKnownFileType = sourcecode.swift; path = "Lv2_순위검색.swift"; sourceTree = "<group>"; };
		22D9CB502898AA370011D5DD /* Lv2_순위검색1.swift */ = {isa = PBXFileReference; lastKnownFileType = sourcecode.swift; path = "Lv2_순위검색1.swift"; sourceTree = "<group>"; };
		22E5BA1C289767F700438F21 /* Lv1_숫자문자열과영단어.swift */ = {isa = PBXFileReference; lastKnownFileType = sourcecode.swift; path = "Lv1_숫자문자열과영단어.swift"; sourceTree = "<group>"; };
		22E8E62728216B3E00FF66E0 /* Lv2_문자열압축.swift */ = {isa = PBXFileReference; lastKnownFileType = sourcecode.swift; path = "Lv2_문자열압축.swift"; sourceTree = "<group>"; };
		22E9001A2848602C000A82BE /* 14226.swift */ = {isa = PBXFileReference; lastKnownFileType = sourcecode.swift; path = 14226.swift; sourceTree = "<group>"; };
		22EEFF55283DC0A100DE3C7C /* 1707.swift */ = {isa = PBXFileReference; lastKnownFileType = sourcecode.swift; path = 1707.swift; sourceTree = "<group>"; };
		22EEFF57283F0A0000DE3C7C /* 13913_시간초과.swift */ = {isa = PBXFileReference; lastKnownFileType = sourcecode.swift; path = "13913_시간초과.swift"; sourceTree = "<group>"; };
		22EEFF59283F1AD600DE3C7C /* 13913_랭커.swift */ = {isa = PBXFileReference; lastKnownFileType = sourcecode.swift; path = "13913_랭커.swift"; sourceTree = "<group>"; };
		22FB00E2289E36FE001B74F7 /* Toss_2.swift */ = {isa = PBXFileReference; lastKnownFileType = sourcecode.swift; path = Toss_2.swift; sourceTree = "<group>"; };
		22FB00E4289E3D63001B74F7 /* Toss_3.swift */ = {isa = PBXFileReference; lastKnownFileType = sourcecode.swift; path = Toss_3.swift; sourceTree = "<group>"; };
		22FB00E6289E4492001B74F7 /* Toss_4.swift */ = {isa = PBXFileReference; lastKnownFileType = sourcecode.swift; path = Toss_4.swift; sourceTree = "<group>"; };
/* End PBXFileReference section */

/* Begin PBXFrameworksBuildPhase section */
		22A8D3BE2816356F001B6294 /* Frameworks */ = {
			isa = PBXFrameworksBuildPhase;
			buildActionMask = 2147483647;
			files = (
			);
			runOnlyForDeploymentPostprocessing = 0;
		};
/* End PBXFrameworksBuildPhase section */

/* Begin PBXGroup section */
		2228EAC4289E27F400EE46DE /* Test */ = {
			isa = PBXGroup;
			children = (
				2228EAC2289E274600EE46DE /* Toss_1.swift */,
				22FB00E2289E36FE001B74F7 /* Toss_2.swift */,
				22FB00E4289E3D63001B74F7 /* Toss_3.swift */,
				22FB00E6289E4492001B74F7 /* Toss_4.swift */,
			);
			path = Test;
			sourceTree = "<group>";
		};
		22A8D3B82816356F001B6294 = {
			isa = PBXGroup;
			children = (
				2228EAC4289E27F400EE46DE /* Test */,
				22A8D3DB2818D61F001B6294 /* Programmars */,
				22A8D3C32816356F001B6294 /* BOJ */,
				22A8D3C22816356F001B6294 /* Products */,
				22C927C7282F4CCB00E52C9B /* AlgorithmSwift-Bridging-Header.h */,
			);
			sourceTree = "<group>";
		};
		22A8D3C22816356F001B6294 /* Products */ = {
			isa = PBXGroup;
			children = (
				22A8D3C12816356F001B6294 /* AlgorithmSwift */,
			);
			name = Products;
			sourceTree = "<group>";
		};
		22A8D3C32816356F001B6294 /* BOJ */ = {
			isa = PBXGroup;
			children = (
				22A8D3C42816356F001B6294 /* 9095.swift */,
				22A8D3CB28163C60001B6294 /* 15649_1.swift */,
				22A8D3CD28164173001B6294 /* 15649_2.swift */,
				22A8D3CF281787E3001B6294 /* 15650.swift */,
				22A8D3D3281790C1001B6294 /* 15650_2.swift */,
				22A8D3D528179222001B6294 /* 15651.swift */,
				22A8D3D72818D138001B6294 /* 15652.swift */,
				229696E4281F6EE500CB91AA /* 15654.swift */,
				22D4B0A32828FCF00012647F /* 1759.swift */,
				22D4B0A52829E59E0012647F /* 1697_재귀.swift */,
				22D4B0A72829F1810012647F /* 1697_반복문.swift */,
				22D4B0A9282B40480012647F /* 1991.swift */,
				22C927C5282F414400E52C9B /* 1260.swift */,
				22C927C8282F4CCC00E52C9B /* 10972_재귀문.swift */,
				22C927CA282F4FA000E52C9B /* 10972_반복문.swift */,
				22C927CC2830B0BA00E52C9B /* 14501_실패.swift */,
				22C927CE2830BBF000E52C9B /* 14501_DP.swift */,
				22C927D02831DD3C00E52C9B /* 11723_실패.swift */,
				22C927D228332A7800E52C9B /* 11723.swift */,
				22C927D328332AE500E52C9B /* 13023.swift */,
				22C927D5283531D200E52C9B /* 10819.swift */,
				22C89D42283A306300167FA5 /* 14889_시간초과.swift */,
				22C89D44283B1C4100167FA5 /* 14889.swift */,
				22C89D46283B2FF200167FA5 /* 11724_dfs실패.swift */,
				22C89D4A283C69E300167FA5 /* 11724_bfs성공.swift */,
				22EEFF55283DC0A100DE3C7C /* 1707.swift */,
				22EEFF57283F0A0000DE3C7C /* 13913_시간초과.swift */,
				22EEFF59283F1AD600DE3C7C /* 13913_랭커.swift */,
				221CC277284458EE009F4851 /* 2667.swift */,
				22E9001A2848602C000A82BE /* 14226.swift */,
				2222DBCC28694D8F00C1E24F /* 1012.swift */,
				224AAF34288108940053E66A /* 1679.swift */,
				2227A7B828B7180C00835165 /* 1756_시간초과.swift */,
				2227A7BA28B71EDB00835165 /* 1756_틀림.swift */,
				2227A7BC28B73A0700835165 /* main.swift */,
			);
			path = BOJ;
			sourceTree = "<group>";
		};
		22A8D3DB2818D61F001B6294 /* Programmars */ = {
			isa = PBXGroup;
			children = (
				22A8D3D92818D60A001B6294 /* Lv1_Crane.swift */,
				22E8E62728216B3E00FF66E0 /* Lv2_문자열압축.swift */,
				220A2EA728278FE500FD346F /* Lv2_주차요금.swift */,
				22D4B0AB282BC64C0012647F /* Lv2_순위검색.swift */,
				2288477128936F3100C4B210 /* Lv1_신고결과받기.swift */,
				22E5BA1C289767F700438F21 /* Lv1_숫자문자열과영단어.swift */,
				22D9CB502898AA370011D5DD /* Lv2_순위검색1.swift */,
			);
			path = Programmars;
			sourceTree = "<group>";
		};
/* End PBXGroup section */

/* Begin PBXNativeTarget section */
		22A8D3C02816356F001B6294 /* AlgorithmSwift */ = {
			isa = PBXNativeTarget;
			buildConfigurationList = 22A8D3C82816356F001B6294 /* Build configuration list for PBXNativeTarget "AlgorithmSwift" */;
			buildPhases = (
				22A8D3BD2816356F001B6294 /* Sources */,
				22A8D3BE2816356F001B6294 /* Frameworks */,
				22A8D3BF2816356F001B6294 /* CopyFiles */,
			);
			buildRules = (
			);
			dependencies = (
			);
			name = AlgorithmSwift;
			productName = AlgorithmSwift;
			productReference = 22A8D3C12816356F001B6294 /* AlgorithmSwift */;
			productType = "com.apple.product-type.tool";
		};
/* End PBXNativeTarget section */

/* Begin PBXProject section */
		22A8D3B92816356F001B6294 /* Project object */ = {
			isa = PBXProject;
			attributes = {
				BuildIndependentTargetsInParallel = 1;
				LastSwiftUpdateCheck = 1330;
				LastUpgradeCheck = 1330;
				TargetAttributes = {
					22A8D3C02816356F001B6294 = {
						CreatedOnToolsVersion = 13.3;
						LastSwiftMigration = 1330;
					};
				};
			};
			buildConfigurationList = 22A8D3BC2816356F001B6294 /* Build configuration list for PBXProject "AlgorithmSwift" */;
			compatibilityVersion = "Xcode 13.0";
			developmentRegion = en;
			hasScannedForEncodings = 0;
			knownRegions = (
				en,
				Base,
			);
			mainGroup = 22A8D3B82816356F001B6294;
			productRefGroup = 22A8D3C22816356F001B6294 /* Products */;
			projectDirPath = "";
			projectRoot = "";
			targets = (
				22A8D3C02816356F001B6294 /* AlgorithmSwift */,
			);
		};
/* End PBXProject section */

/* Begin PBXSourcesBuildPhase section */
		22A8D3BD2816356F001B6294 /* Sources */ = {
			isa = PBXSourcesBuildPhase;
			buildActionMask = 2147483647;
			files = (
				2227A7BD28B73A0700835165 /* main.swift in Sources */,
			);
			runOnlyForDeploymentPostprocessing = 0;
		};
/* End PBXSourcesBuildPhase section */

/* Begin XCBuildConfiguration section */
		22A8D3C62816356F001B6294 /* Debug */ = {
			isa = XCBuildConfiguration;
			buildSettings = {
				ALWAYS_SEARCH_USER_PATHS = NO;
				CLANG_ANALYZER_NONNULL = YES;
				CLANG_ANALYZER_NUMBER_OBJECT_CONVERSION = YES_AGGRESSIVE;
				CLANG_CXX_LANGUAGE_STANDARD = "gnu++17";
				CLANG_ENABLE_MODULES = YES;
				CLANG_ENABLE_OBJC_ARC = YES;
				CLANG_ENABLE_OBJC_WEAK = YES;
				CLANG_WARN_BLOCK_CAPTURE_AUTORELEASING = YES;
				CLANG_WARN_BOOL_CONVERSION = YES;
				CLANG_WARN_COMMA = YES;
				CLANG_WARN_CONSTANT_CONVERSION = YES;
				CLANG_WARN_DEPRECATED_OBJC_IMPLEMENTATIONS = YES;
				CLANG_WARN_DIRECT_OBJC_ISA_USAGE = YES_ERROR;
				CLANG_WARN_DOCUMENTATION_COMMENTS = YES;
				CLANG_WARN_EMPTY_BODY = YES;
				CLANG_WARN_ENUM_CONVERSION = YES;
				CLANG_WARN_INFINITE_RECURSION = YES;
				CLANG_WARN_INT_CONVERSION = YES;
				CLANG_WARN_NON_LITERAL_NULL_CONVERSION = YES;
				CLANG_WARN_OBJC_IMPLICIT_RETAIN_SELF = YES;
				CLANG_WARN_OBJC_LITERAL_CONVERSION = YES;
				CLANG_WARN_OBJC_ROOT_CLASS = YES_ERROR;
				CLANG_WARN_QUOTED_INCLUDE_IN_FRAMEWORK_HEADER = YES;
				CLANG_WARN_RANGE_LOOP_ANALYSIS = YES;
				CLANG_WARN_STRICT_PROTOTYPES = YES;
				CLANG_WARN_SUSPICIOUS_MOVE = YES;
				CLANG_WARN_UNGUARDED_AVAILABILITY = YES_AGGRESSIVE;
				CLANG_WARN_UNREACHABLE_CODE = YES;
				CLANG_WARN__DUPLICATE_METHOD_MATCH = YES;
				COPY_PHASE_STRIP = NO;
				DEBUG_INFORMATION_FORMAT = dwarf;
				ENABLE_STRICT_OBJC_MSGSEND = YES;
				ENABLE_TESTABILITY = YES;
				GCC_C_LANGUAGE_STANDARD = gnu11;
				GCC_DYNAMIC_NO_PIC = NO;
				GCC_NO_COMMON_BLOCKS = YES;
				GCC_OPTIMIZATION_LEVEL = 0;
				GCC_PREPROCESSOR_DEFINITIONS = (
					"DEBUG=1",
					"$(inherited)",
				);
				GCC_WARN_64_TO_32_BIT_CONVERSION = YES;
				GCC_WARN_ABOUT_RETURN_TYPE = YES_ERROR;
				GCC_WARN_UNDECLARED_SELECTOR = YES;
				GCC_WARN_UNINITIALIZED_AUTOS = YES_AGGRESSIVE;
				GCC_WARN_UNUSED_FUNCTION = YES;
				GCC_WARN_UNUSED_VARIABLE = YES;
				MACOSX_DEPLOYMENT_TARGET = 12.3;
				MTL_ENABLE_DEBUG_INFO = INCLUDE_SOURCE;
				MTL_FAST_MATH = YES;
				ONLY_ACTIVE_ARCH = YES;
				SDKROOT = macosx;
				SWIFT_ACTIVE_COMPILATION_CONDITIONS = DEBUG;
				SWIFT_OPTIMIZATION_LEVEL = "-Onone";
			};
			name = Debug;
		};
		22A8D3C72816356F001B6294 /* Release */ = {
			isa = XCBuildConfiguration;
			buildSettings = {
				ALWAYS_SEARCH_USER_PATHS = NO;
				CLANG_ANALYZER_NONNULL = YES;
				CLANG_ANALYZER_NUMBER_OBJECT_CONVERSION = YES_AGGRESSIVE;
				CLANG_CXX_LANGUAGE_STANDARD = "gnu++17";
				CLANG_ENABLE_MODULES = YES;
				CLANG_ENABLE_OBJC_ARC = YES;
				CLANG_ENABLE_OBJC_WEAK = YES;
				CLANG_WARN_BLOCK_CAPTURE_AUTORELEASING = YES;
				CLANG_WARN_BOOL_CONVERSION = YES;
				CLANG_WARN_COMMA = YES;
				CLANG_WARN_CONSTANT_CONVERSION = YES;
				CLANG_WARN_DEPRECATED_OBJC_IMPLEMENTATIONS = YES;
				CLANG_WARN_DIRECT_OBJC_ISA_USAGE = YES_ERROR;
				CLANG_WARN_DOCUMENTATION_COMMENTS = YES;
				CLANG_WARN_EMPTY_BODY = YES;
				CLANG_WARN_ENUM_CONVERSION = YES;
				CLANG_WARN_INFINITE_RECURSION = YES;
				CLANG_WARN_INT_CONVERSION = YES;
				CLANG_WARN_NON_LITERAL_NULL_CONVERSION = YES;
				CLANG_WARN_OBJC_IMPLICIT_RETAIN_SELF = YES;
				CLANG_WARN_OBJC_LITERAL_CONVERSION = YES;
				CLANG_WARN_OBJC_ROOT_CLASS = YES_ERROR;
				CLANG_WARN_QUOTED_INCLUDE_IN_FRAMEWORK_HEADER = YES;
				CLANG_WARN_RANGE_LOOP_ANALYSIS = YES;
				CLANG_WARN_STRICT_PROTOTYPES = YES;
				CLANG_WARN_SUSPICIOUS_MOVE = YES;
				CLANG_WARN_UNGUARDED_AVAILABILITY = YES_AGGRESSIVE;
				CLANG_WARN_UNREACHABLE_CODE = YES;
				CLANG_WARN__DUPLICATE_METHOD_MATCH = YES;
				COPY_PHASE_STRIP = NO;
				DEBUG_INFORMATION_FORMAT = "dwarf-with-dsym";
				ENABLE_NS_ASSERTIONS = NO;
				ENABLE_STRICT_OBJC_MSGSEND = YES;
				GCC_C_LANGUAGE_STANDARD = gnu11;
				GCC_NO_COMMON_BLOCKS = YES;
				GCC_WARN_64_TO_32_BIT_CONVERSION = YES;
				GCC_WARN_ABOUT_RETURN_TYPE = YES_ERROR;
				GCC_WARN_UNDECLARED_SELECTOR = YES;
				GCC_WARN_UNINITIALIZED_AUTOS = YES_AGGRESSIVE;
				GCC_WARN_UNUSED_FUNCTION = YES;
				GCC_WARN_UNUSED_VARIABLE = YES;
				MACOSX_DEPLOYMENT_TARGET = 12.3;
				MTL_ENABLE_DEBUG_INFO = NO;
				MTL_FAST_MATH = YES;
				SDKROOT = macosx;
				SWIFT_COMPILATION_MODE = wholemodule;
				SWIFT_OPTIMIZATION_LEVEL = "-O";
			};
			name = Release;
		};
		22A8D3C92816356F001B6294 /* Debug */ = {
			isa = XCBuildConfiguration;
			buildSettings = {
				CLANG_ENABLE_MODULES = YES;
				CODE_SIGN_STYLE = Automatic;
				DEVELOPMENT_TEAM = JASCMY8XL7;
				ENABLE_HARDENED_RUNTIME = YES;
				LD_RUNPATH_SEARCH_PATHS = (
					"$(inherited)",
					"@executable_path/../Frameworks",
					"@loader_path/../Frameworks",
				);
				PRODUCT_NAME = "$(TARGET_NAME)";
				SWIFT_OBJC_BRIDGING_HEADER = "AlgorithmSwift-Bridging-Header.h";
				SWIFT_OPTIMIZATION_LEVEL = "-Onone";
				SWIFT_VERSION = 5.0;
			};
			name = Debug;
		};
		22A8D3CA2816356F001B6294 /* Release */ = {
			isa = XCBuildConfiguration;
			buildSettings = {
				CLANG_ENABLE_MODULES = YES;
				CODE_SIGN_STYLE = Automatic;
				DEVELOPMENT_TEAM = JASCMY8XL7;
				ENABLE_HARDENED_RUNTIME = YES;
				LD_RUNPATH_SEARCH_PATHS = (
					"$(inherited)",
					"@executable_path/../Frameworks",
					"@loader_path/../Frameworks",
				);
				PRODUCT_NAME = "$(TARGET_NAME)";
				SWIFT_OBJC_BRIDGING_HEADER = "AlgorithmSwift-Bridging-Header.h";
				SWIFT_VERSION = 5.0;
			};
			name = Release;
		};
/* End XCBuildConfiguration section */

/* Begin XCConfigurationList section */
		22A8D3BC2816356F001B6294 /* Build configuration list for PBXProject "AlgorithmSwift" */ = {
			isa = XCConfigurationList;
			buildConfigurations = (
				22A8D3C62816356F001B6294 /* Debug */,
				22A8D3C72816356F001B6294 /* Release */,
			);
			defaultConfigurationIsVisible = 0;
			defaultConfigurationName = Release;
		};
		22A8D3C82816356F001B6294 /* Build configuration list for PBXNativeTarget "AlgorithmSwift" */ = {
			isa = XCConfigurationList;
			buildConfigurations = (
				22A8D3C92816356F001B6294 /* Debug */,
				22A8D3CA2816356F001B6294 /* Release */,
			);
			defaultConfigurationIsVisible = 0;
			defaultConfigurationName = Release;
		};
/* End XCConfigurationList section */
	};
	rootObject = 22A8D3B92816356F001B6294 /* Project object */;
}
