// !$*UTF8*$!
{
	archiveVersion = 1;
	classes = {
	};
	objectVersion = 55;
	objects = {

/* Begin PBXBuildFile section */
		2247FA7E293070B6003DE656 /* main.swift in Sources */ = {isa = PBXBuildFile; fileRef = 2247FA7D293070B6003DE656 /* main.swift */; };
/* End PBXBuildFile section */

/* Begin PBXCopyFilesBuildPhase section */
		22A8D3BF2816356F001B6294 /* CopyFiles */ = {
			isa = PBXCopyFilesBuildPhase;
			buildActionMask = 2147483647;
			dstPath = /usr/share/man/man1/;
			dstSubfolderSpec = 0;
			files = (
			);
			runOnlyForDeploymentPostprocessing = 1;
		};
/* End PBXCopyFilesBuildPhase section */

/* Begin PBXFileReference section */
		220A2EA728278FE500FD346F /* Lv2_주차요금.swift */ = {isa = PBXFileReference; lastKnownFileType = sourcecode.swift; path = "Lv2_주차요금.swift"; sourceTree = "<group>"; };
		221572C928BC4E7600CA4568 /* Lv2_후보키.swift */ = {isa = PBXFileReference; lastKnownFileType = sourcecode.swift; path = "Lv2_후보키.swift"; sourceTree = "<group>"; };
		221572CC28BC5E1A00CA4568 /* Lv2_후보키.swift */ = {isa = PBXFileReference; lastKnownFileType = sourcecode.swift; path = "Lv2_후보키.swift"; sourceTree = "<group>"; };
		2219F3C028D31828000EBF22 /* main.swift */ = {isa = PBXFileReference; lastKnownFileType = sourcecode.swift; path = main.swift; sourceTree = "<group>"; };
		2219F3E728D4BD31000EBF22 /* main.swift */ = {isa = PBXFileReference; lastKnownFileType = sourcecode.swift; path = main.swift; sourceTree = "<group>"; };
		2219F3E928D4C0FB000EBF22 /* ranker.swift */ = {isa = PBXFileReference; lastKnownFileType = sourcecode.swift; path = ranker.swift; sourceTree = "<group>"; };
		2219F41C28D887AC000EBF22 /* main.swift */ = {isa = PBXFileReference; lastKnownFileType = sourcecode.swift; path = main.swift; sourceTree = "<group>"; };
		221BA30C28BDA0780060F03B /* 19238_랭커.swift */ = {isa = PBXFileReference; lastKnownFileType = sourcecode.swift; path = "19238_랭커.swift"; sourceTree = "<group>"; };
		221BA32D28BEF6CD0060F03B /* 1931.swift */ = {isa = PBXFileReference; lastKnownFileType = sourcecode.swift; path = 1931.swift; sourceTree = "<group>"; };
		221BA32F28C0913B0060F03B /* Lv2_괄호변환.swift */ = {isa = PBXFileReference; lastKnownFileType = sourcecode.swift; path = "Lv2_괄호변환.swift"; sourceTree = "<group>"; };
		221CC277284458EE009F4851 /* 2667.swift */ = {isa = PBXFileReference; lastKnownFileType = sourcecode.swift; path = 2667.swift; sourceTree = "<group>"; };
		2222DBCC28694D8F00C1E24F /* 1012.swift */ = {isa = PBXFileReference; lastKnownFileType = sourcecode.swift; path = 1012.swift; sourceTree = "<group>"; };
		2227A7B828B7180C00835165 /* 1756_시간초과.swift */ = {isa = PBXFileReference; lastKnownFileType = sourcecode.swift; path = "1756_시간초과.swift"; sourceTree = "<group>"; };
		2227A7BA28B71EDB00835165 /* 1756_틀림.swift */ = {isa = PBXFileReference; lastKnownFileType = sourcecode.swift; path = "1756_틀림.swift"; sourceTree = "<group>"; };
		2227A7BC28B73A0700835165 /* 1756.swift */ = {isa = PBXFileReference; lastKnownFileType = sourcecode.swift; path = 1756.swift; sourceTree = "<group>"; };
		2228996B28E7C92F0038D6F8 /* main.swift */ = {isa = PBXFileReference; lastKnownFileType = sourcecode.swift; path = main.swift; sourceTree = "<group>"; };
		2228996D28E7CEF90038D6F8 /* main.swift */ = {isa = PBXFileReference; lastKnownFileType = sourcecode.swift; path = main.swift; sourceTree = "<group>"; };
		2228996F28E7DD460038D6F8 /* main.swift */ = {isa = PBXFileReference; lastKnownFileType = sourcecode.swift; path = main.swift; sourceTree = "<group>"; };
		222899A428EB0AEE0038D6F8 /* main.swift */ = {isa = PBXFileReference; lastKnownFileType = sourcecode.swift; path = main.swift; sourceTree = "<group>"; };
		222899A728EBD8AA0038D6F8 /* main.swift */ = {isa = PBXFileReference; lastKnownFileType = sourcecode.swift; path = main.swift; sourceTree = "<group>"; };
		2228EAC2289E274600EE46DE /* Toss_1.swift */ = {isa = PBXFileReference; lastKnownFileType = sourcecode.swift; path = Toss_1.swift; sourceTree = "<group>"; };
		2230FFB428E4079000F41EE0 /* main.swift */ = {isa = PBXFileReference; lastKnownFileType = sourcecode.swift; path = main.swift; sourceTree = "<group>"; };
		2230FFB728E41FE700F41EE0 /* main.swift */ = {isa = PBXFileReference; lastKnownFileType = sourcecode.swift; path = main.swift; sourceTree = "<group>"; };
		2230FFBA28E439D300F41EE0 /* main.swift */ = {isa = PBXFileReference; lastKnownFileType = sourcecode.swift; path = main.swift; sourceTree = "<group>"; };
		2247FA7D293070B6003DE656 /* main.swift */ = {isa = PBXFileReference; lastKnownFileType = sourcecode.swift; path = main.swift; sourceTree = "<group>"; };
		224AAF34288108940053E66A /* 1679.swift */ = {isa = PBXFileReference; lastKnownFileType = sourcecode.swift; path = 1679.swift; sourceTree = "<group>"; };
		22522B9B28DDAFC700442A0D /* main.swift */ = {isa = PBXFileReference; lastKnownFileType = sourcecode.swift; path = main.swift; sourceTree = "<group>"; };
		22522BA328DE8CEB00442A0D /* main.swift */ = {isa = PBXFileReference; lastKnownFileType = sourcecode.swift; path = main.swift; sourceTree = "<group>"; };
		22522BA528DE8CF500442A0D /* main.swift */ = {isa = PBXFileReference; lastKnownFileType = sourcecode.swift; path = main.swift; sourceTree = "<group>"; };
		22522BA728DE8D0300442A0D /* main.swift */ = {isa = PBXFileReference; lastKnownFileType = sourcecode.swift; path = main.swift; sourceTree = "<group>"; };
		22522BA928DE8D0900442A0D /* main.swift */ = {isa = PBXFileReference; lastKnownFileType = sourcecode.swift; path = main.swift; sourceTree = "<group>"; };
		22522BAB28DE8D0E00442A0D /* main.swift */ = {isa = PBXFileReference; lastKnownFileType = sourcecode.swift; path = main.swift; sourceTree = "<group>"; };
		22522BB028E150B900442A0D /* main.swift */ = {isa = PBXFileReference; lastKnownFileType = sourcecode.swift; path = main.swift; sourceTree = "<group>"; };
		22522BB328E1643F00442A0D /* main.swift */ = {isa = PBXFileReference; lastKnownFileType = sourcecode.swift; path = main.swift; sourceTree = "<group>"; };
		226AC2FC28F1A1FF005FD43B /* main.swift */ = {isa = PBXFileReference; lastKnownFileType = sourcecode.swift; path = main.swift; sourceTree = "<group>"; };
		226AC2FE28F1A207005FD43B /* main.swift */ = {isa = PBXFileReference; lastKnownFileType = sourcecode.swift; path = main.swift; sourceTree = "<group>"; };
		226DA11128DAF6E700E59B3A /* main.swift */ = {isa = PBXFileReference; lastKnownFileType = sourcecode.swift; path = main.swift; sourceTree = "<group>"; };
		226DA11328DB42A400E59B3A /* ranker.swift */ = {isa = PBXFileReference; lastKnownFileType = sourcecode.swift; path = ranker.swift; sourceTree = "<group>"; };
		226DA11528DB46BA00E59B3A /* my.swift */ = {isa = PBXFileReference; lastKnownFileType = sourcecode.swift; path = my.swift; sourceTree = "<group>"; };
		226DA11828DBF7C100E59B3A /* main.swift */ = {isa = PBXFileReference; lastKnownFileType = sourcecode.swift; path = main.swift; sourceTree = "<group>"; };
		226DA11A28DC36EB00E59B3A /* ranker.swift */ = {isa = PBXFileReference; lastKnownFileType = sourcecode.swift; path = ranker.swift; sourceTree = "<group>"; };
		226F402B2906CC3D0067B052 /* main.swift */ = {isa = PBXFileReference; lastKnownFileType = sourcecode.swift; path = main.swift; sourceTree = "<group>"; };
		2288477128936F3100C4B210 /* Lv1_신고결과받기.swift */ = {isa = PBXFileReference; lastKnownFileType = sourcecode.swift; path = "Lv1_신고결과받기.swift"; sourceTree = "<group>"; };
		2289322628F019F600753F94 /* main.swift */ = {isa = PBXFileReference; lastKnownFileType = sourcecode.swift; path = main.swift; sourceTree = "<group>"; };
		2289322828F019FC00753F94 /* main.swift */ = {isa = PBXFileReference; lastKnownFileType = sourcecode.swift; path = main.swift; sourceTree = "<group>"; };
		2289322A28F01A0200753F94 /* main.swift */ = {isa = PBXFileReference; lastKnownFileType = sourcecode.swift; path = main.swift; sourceTree = "<group>"; };
		2289322C28F01A0700753F94 /* main.swift */ = {isa = PBXFileReference; lastKnownFileType = sourcecode.swift; path = main.swift; sourceTree = "<group>"; };
		2289323828F0484800753F94 /* main.swift */ = {isa = PBXFileReference; lastKnownFileType = sourcecode.swift; path = main.swift; sourceTree = "<group>"; };
		229696E4281F6EE500CB91AA /* 15654.swift */ = {isa = PBXFileReference; lastKnownFileType = sourcecode.swift; path = 15654.swift; sourceTree = "<group>"; };
		229DEE3728F9549B003D018B /* main.swift */ = {isa = PBXFileReference; lastKnownFileType = sourcecode.swift; path = main.swift; sourceTree = "<group>"; };
		22A8D3C12816356F001B6294 /* AlgorithmSwift */ = {isa = PBXFileReference; explicitFileType = "compiled.mach-o.executable"; includeInIndex = 0; path = AlgorithmSwift; sourceTree = BUILT_PRODUCTS_DIR; };
		22A8D3C42816356F001B6294 /* 9095.swift */ = {isa = PBXFileReference; lastKnownFileType = sourcecode.swift; path = 9095.swift; sourceTree = "<group>"; };
		22A8D3CB28163C60001B6294 /* 15649_1.swift */ = {isa = PBXFileReference; lastKnownFileType = sourcecode.swift; path = 15649_1.swift; sourceTree = "<group>"; };
		22A8D3CD28164173001B6294 /* 15649_2.swift */ = {isa = PBXFileReference; lastKnownFileType = sourcecode.swift; path = 15649_2.swift; sourceTree = "<group>"; };
		22A8D3CF281787E3001B6294 /* 15650.swift */ = {isa = PBXFileReference; lastKnownFileType = sourcecode.swift; path = 15650.swift; sourceTree = "<group>"; };
		22A8D3D3281790C1001B6294 /* 15650_2.swift */ = {isa = PBXFileReference; lastKnownFileType = sourcecode.swift; path = 15650_2.swift; sourceTree = "<group>"; };
		22A8D3D528179222001B6294 /* 15651.swift */ = {isa = PBXFileReference; lastKnownFileType = sourcecode.swift; path = 15651.swift; sourceTree = "<group>"; };
		22A8D3D72818D138001B6294 /* 15652.swift */ = {isa = PBXFileReference; lastKnownFileType = sourcecode.swift; path = 15652.swift; sourceTree = "<group>"; };
		22A8D3D92818D60A001B6294 /* Lv1_Crane.swift */ = {isa = PBXFileReference; lastKnownFileType = sourcecode.swift; path = Lv1_Crane.swift; sourceTree = "<group>"; };
		22C76AF928D9FA52006B82C6 /* main.swift */ = {isa = PBXFileReference; lastKnownFileType = sourcecode.swift; path = main.swift; sourceTree = "<group>"; };
		22C89D42283A306300167FA5 /* 14889_시간초과.swift */ = {isa = PBXFileReference; lastKnownFileType = sourcecode.swift; path = "14889_시간초과.swift"; sourceTree = "<group>"; };
		22C89D44283B1C4100167FA5 /* 14889.swift */ = {isa = PBXFileReference; lastKnownFileType = sourcecode.swift; path = 14889.swift; sourceTree = "<group>"; };
		22C89D46283B2FF200167FA5 /* 11724_dfs실패.swift */ = {isa = PBXFileReference; lastKnownFileType = sourcecode.swift; path = "11724_dfs실패.swift"; sourceTree = "<group>"; };
		22C89D4A283C69E300167FA5 /* 11724_bfs성공.swift */ = {isa = PBXFileReference; lastKnownFileType = sourcecode.swift; path = "11724_bfs성공.swift"; sourceTree = "<group>"; };
		22C927C5282F414400E52C9B /* 1260.swift */ = {isa = PBXFileReference; lastKnownFileType = sourcecode.swift; path = 1260.swift; sourceTree = "<group>"; };
		22C927C7282F4CCB00E52C9B /* AlgorithmSwift-Bridging-Header.h */ = {isa = PBXFileReference; lastKnownFileType = sourcecode.c.h; path = "AlgorithmSwift-Bridging-Header.h"; sourceTree = "<group>"; };
		22C927C8282F4CCC00E52C9B /* 10972_재귀문.swift */ = {isa = PBXFileReference; lastKnownFileType = sourcecode.swift; path = "10972_재귀문.swift"; sourceTree = "<group>"; };
		22C927CA282F4FA000E52C9B /* 10972_반복문.swift */ = {isa = PBXFileReference; lastKnownFileType = sourcecode.swift; path = "10972_반복문.swift"; sourceTree = "<group>"; };
		22C927CC2830B0BA00E52C9B /* 14501_실패.swift */ = {isa = PBXFileReference; lastKnownFileType = sourcecode.swift; path = "14501_실패.swift"; sourceTree = "<group>"; };
		22C927CE2830BBF000E52C9B /* 14501_DP.swift */ = {isa = PBXFileReference; lastKnownFileType = sourcecode.swift; path = 14501_DP.swift; sourceTree = "<group>"; };
		22C927D02831DD3C00E52C9B /* 11723_실패.swift */ = {isa = PBXFileReference; lastKnownFileType = sourcecode.swift; path = "11723_실패.swift"; sourceTree = "<group>"; };
		22C927D228332A7800E52C9B /* 11723.swift */ = {isa = PBXFileReference; lastKnownFileType = sourcecode.swift; path = 11723.swift; sourceTree = "<group>"; };
		22C927D328332AE500E52C9B /* 13023.swift */ = {isa = PBXFileReference; lastKnownFileType = sourcecode.swift; path = 13023.swift; sourceTree = "<group>"; };
		22C927D5283531D200E52C9B /* 10819.swift */ = {isa = PBXFileReference; lastKnownFileType = sourcecode.swift; path = 10819.swift; sourceTree = "<group>"; };
		22C988B228EDD6F3003859FF /* main.swift */ = {isa = PBXFileReference; lastKnownFileType = sourcecode.swift; path = main.swift; sourceTree = "<group>"; };
		22D3050A290838F30070114D /* main.swift */ = {isa = PBXFileReference; lastKnownFileType = sourcecode.swift; path = main.swift; sourceTree = "<group>"; };
		22D4B0A32828FCF00012647F /* 1759.swift */ = {isa = PBXFileReference; lastKnownFileType = sourcecode.swift; path = 1759.swift; sourceTree = "<group>"; };
		22D4B0A52829E59E0012647F /* 1697_재귀.swift */ = {isa = PBXFileReference; lastKnownFileType = sourcecode.swift; path = "1697_재귀.swift"; sourceTree = "<group>"; };
		22D4B0A72829F1810012647F /* 1697_반복문.swift */ = {isa = PBXFileReference; lastKnownFileType = sourcecode.swift; path = "1697_반복문.swift"; sourceTree = "<group>"; };
		22D4B0A9282B40480012647F /* 1991.swift */ = {isa = PBXFileReference; lastKnownFileType = sourcecode.swift; path = 1991.swift; sourceTree = "<group>"; };
		22D4B0AB282BC64C0012647F /* Lv2_순위검색.swift */ = {isa = PBXFileReference; lastKnownFileType = sourcecode.swift; path = "Lv2_순위검색.swift"; sourceTree = "<group>"; };
		22D9CB502898AA370011D5DD /* Lv2_순위검색1.swift */ = {isa = PBXFileReference; lastKnownFileType = sourcecode.swift; path = "Lv2_순위검색1.swift"; sourceTree = "<group>"; };
		22DEA7FE28F665E5007C4605 /* main.swift */ = {isa = PBXFileReference; lastKnownFileType = sourcecode.swift; path = main.swift; sourceTree = "<group>"; };
		22DEA80128F66C29007C4605 /* main.swift */ = {isa = PBXFileReference; lastKnownFileType = sourcecode.swift; path = main.swift; sourceTree = "<group>"; };
		22DEA80428F67FE5007C4605 /* main.swift */ = {isa = PBXFileReference; lastKnownFileType = sourcecode.swift; path = main.swift; sourceTree = "<group>"; };
		22DEA80D28F79D8B007C4605 /* main.swift */ = {isa = PBXFileReference; lastKnownFileType = sourcecode.swift; path = main.swift; sourceTree = "<group>"; };
		22DEA81028F7D819007C4605 /* main.swift */ = {isa = PBXFileReference; lastKnownFileType = sourcecode.swift; path = main.swift; sourceTree = "<group>"; };
		22DEA81328F8F518007C4605 /* main.swift */ = {isa = PBXFileReference; lastKnownFileType = sourcecode.swift; path = main.swift; sourceTree = "<group>"; };
		22DEA81628F8FF73007C4605 /* Graph.swift */ = {isa = PBXFileReference; lastKnownFileType = sourcecode.swift; path = Graph.swift; sourceTree = "<group>"; };
		22DEA81828F911A3007C4605 /* PriorityQueue.swift */ = {isa = PBXFileReference; lastKnownFileType = sourcecode.swift; path = PriorityQueue.swift; sourceTree = "<group>"; };
		22DEA81A28F911B6007C4605 /* Heap.swift */ = {isa = PBXFileReference; lastKnownFileType = sourcecode.swift; path = Heap.swift; sourceTree = "<group>"; };
		22DEA81C28F911E0007C4605 /* UnionFind.swift */ = {isa = PBXFileReference; lastKnownFileType = sourcecode.swift; path = UnionFind.swift; sourceTree = "<group>"; };
		22DEA81F28F91E24007C4605 /* main.swift */ = {isa = PBXFileReference; lastKnownFileType = sourcecode.swift; path = main.swift; sourceTree = "<group>"; };
		22E5BA1C289767F700438F21 /* Lv1_숫자문자열과영단어.swift */ = {isa = PBXFileReference; lastKnownFileType = sourcecode.swift; path = "Lv1_숫자문자열과영단어.swift"; sourceTree = "<group>"; };
		22E8E62728216B3E00FF66E0 /* Lv2_문자열압축.swift */ = {isa = PBXFileReference; lastKnownFileType = sourcecode.swift; path = "Lv2_문자열압축.swift"; sourceTree = "<group>"; };
		22E9001A2848602C000A82BE /* 14226.swift */ = {isa = PBXFileReference; lastKnownFileType = sourcecode.swift; path = 14226.swift; sourceTree = "<group>"; };
		22EEFF55283DC0A100DE3C7C /* 1707.swift */ = {isa = PBXFileReference; lastKnownFileType = sourcecode.swift; path = 1707.swift; sourceTree = "<group>"; };
		22EEFF57283F0A0000DE3C7C /* 13913_시간초과.swift */ = {isa = PBXFileReference; lastKnownFileType = sourcecode.swift; path = "13913_시간초과.swift"; sourceTree = "<group>"; };
		22EEFF59283F1AD600DE3C7C /* 13913_랭커.swift */ = {isa = PBXFileReference; lastKnownFileType = sourcecode.swift; path = "13913_랭커.swift"; sourceTree = "<group>"; };
		22FB00E2289E36FE001B74F7 /* Toss_2.swift */ = {isa = PBXFileReference; lastKnownFileType = sourcecode.swift; path = Toss_2.swift; sourceTree = "<group>"; };
		22FB00E4289E3D63001B74F7 /* Toss_3.swift */ = {isa = PBXFileReference; lastKnownFileType = sourcecode.swift; path = Toss_3.swift; sourceTree = "<group>"; };
		22FB00E6289E4492001B74F7 /* Toss_4.swift */ = {isa = PBXFileReference; lastKnownFileType = sourcecode.swift; path = Toss_4.swift; sourceTree = "<group>"; };
		22FCE75928C5B57C00ACC9DF /* main.swift */ = {isa = PBXFileReference; lastKnownFileType = sourcecode.swift; path = main.swift; sourceTree = "<group>"; };
/* End PBXFileReference section */

/* Begin PBXFrameworksBuildPhase section */
		22A8D3BE2816356F001B6294 /* Frameworks */ = {
			isa = PBXFrameworksBuildPhase;
			buildActionMask = 2147483647;
			files = (
			);
			runOnlyForDeploymentPostprocessing = 0;
		};
/* End PBXFrameworksBuildPhase section */

/* Begin PBXGroup section */
		221572CB28BC5DF200CA4568 /* ReviewNotes */ = {
			isa = PBXGroup;
			children = (
				221572CC28BC5E1A00CA4568 /* Lv2_후보키.swift */,
			);
			path = ReviewNotes;
			sourceTree = "<group>";
		};
		2219F3BF28D31811000EBF22 /* 1654_랜선자르기 */ = {
			isa = PBXGroup;
			children = (
				2219F3C028D31828000EBF22 /* main.swift */,
			);
			name = "1654_랜선자르기";
			path = "1654_랜선자르기";
			sourceTree = "<group>";
		};
		2219F3E628D4BD24000EBF22 /* 1946_신입사원 */ = {
			isa = PBXGroup;
			children = (
				2219F3E728D4BD31000EBF22 /* main.swift */,
				2219F3E928D4C0FB000EBF22 /* ranker.swift */,
			);
			name = "1946_신입사원";
			path = "1946_신입사원";
			sourceTree = "<group>";
		};
		2219F3EC28D6FD1E000EBF22 /* Theory */ = {
			isa = PBXGroup;
			children = (
				226AC2F928F1A1A8005FD43B /* MST */,
				22C988B128EDD6D9003859FF /* e.g. Heap */,
				222899A628EBD8A20038D6F8 /* MyHeap */,
			);
			path = Theory;
			sourceTree = "<group>";
		};
		2219F41B28D8879A000EBF22 /* Lv3_디스크컨트롤러 */ = {
			isa = PBXGroup;
			children = (
				2219F41C28D887AC000EBF22 /* main.swift */,
			);
			name = "Lv3_디스크컨트롤러";
			path = "Lv3_디스크컨트롤러";
			sourceTree = "<group>";
		};
		2228996628E7C9020038D6F8 /* LGU+ */ = {
			isa = PBXGroup;
			children = (
				2228996A28E7C9270038D6F8 /* t4 */,
				2228996928E7C9240038D6F8 /* t3 */,
				2228996828E7C9200038D6F8 /* t2 */,
				2228996728E7C91B0038D6F8 /* t1 */,
			);
			path = "LGU+";
			sourceTree = "<group>";
		};
		2228996728E7C91B0038D6F8 /* t1 */ = {
			isa = PBXGroup;
			children = (
				2228996B28E7C92F0038D6F8 /* main.swift */,
			);
			path = t1;
			sourceTree = "<group>";
		};
		2228996828E7C9200038D6F8 /* t2 */ = {
			isa = PBXGroup;
			children = (
				2228996D28E7CEF90038D6F8 /* main.swift */,
			);
			path = t2;
			sourceTree = "<group>";
		};
		2228996928E7C9240038D6F8 /* t3 */ = {
			isa = PBXGroup;
			children = (
			);
			path = t3;
			sourceTree = "<group>";
		};
		2228996A28E7C9270038D6F8 /* t4 */ = {
			isa = PBXGroup;
			children = (
				2228996F28E7DD460038D6F8 /* main.swift */,
			);
			path = t4;
			sourceTree = "<group>";
		};
		222899A328EB0AE10038D6F8 /* 5014_스타트링크 */ = {
			isa = PBXGroup;
			children = (
				222899A428EB0AEE0038D6F8 /* main.swift */,
			);
			name = "5014_스타트링크";
			path = "5014_스타트링크";
			sourceTree = "<group>";
		};
		222899A628EBD8A20038D6F8 /* MyHeap */ = {
			isa = PBXGroup;
			children = (
				222899A728EBD8AA0038D6F8 /* main.swift */,
			);
			path = MyHeap;
			sourceTree = "<group>";
		};
		2228EAC4289E27F400EE46DE /* Test */ = {
			isa = PBXGroup;
			children = (
				2289322528F019EC00753F94 /* Nexon */,
				2228996628E7C9020038D6F8 /* LGU+ */,
				22522B9D28DE8CC200442A0D /* Line */,
				2228EAC2289E274600EE46DE /* Toss_1.swift */,
				22FB00E2289E36FE001B74F7 /* Toss_2.swift */,
				22FB00E4289E3D63001B74F7 /* Toss_3.swift */,
				22FB00E6289E4492001B74F7 /* Toss_4.swift */,
			);
			path = Test;
			sourceTree = "<group>";
		};
		2230FFB328E4077800F41EE0 /* 10026_적록색약 */ = {
			isa = PBXGroup;
			children = (
				2230FFB428E4079000F41EE0 /* main.swift */,
			);
			name = "10026_적록색약";
			path = "10026_적록색약";
			sourceTree = "<group>";
		};
		2230FFB628E41FD800F41EE0 /* 1149_RGB거리 */ = {
			isa = PBXGroup;
			children = (
				2230FFB728E41FE700F41EE0 /* main.swift */,
			);
			name = "1149_RGB거리";
			path = "1149_RGB거리";
			sourceTree = "<group>";
		};
		2230FFB928E439C100F41EE0 /* 2493_탑 */ = {
			isa = PBXGroup;
			children = (
				2230FFBA28E439D300F41EE0 /* main.swift */,
			);
			name = "2493_탑";
			path = "2493_탑";
			sourceTree = "<group>";
		};
		2247FA7C293070A8003DE656 /* 7576_토마토 */ = {
			isa = PBXGroup;
			children = (
				2247FA7D293070B6003DE656 /* main.swift */,
			);
			name = "7576_토마토";
			path = "7576_토마토";
			sourceTree = "<group>";
		};
		22522B9A28DDAFBB00442A0D /* 3190_뱀 */ = {
			isa = PBXGroup;
			children = (
				22522B9B28DDAFC700442A0D /* main.swift */,
			);
			name = "3190_뱀";
			path = "3190_뱀";
			sourceTree = "<group>";
		};
		22522B9D28DE8CC200442A0D /* Line */ = {
			isa = PBXGroup;
			children = (
				22522BA228DE8CE300442A0D /* Test5 */,
				22522BA128DE8CDE00442A0D /* Test4 */,
				22522BA028DE8CD900442A0D /* Test3 */,
				22522B9F28DE8CD000442A0D /* Test2 */,
				22522B9E28DE8CC900442A0D /* Test1 */,
			);
			path = Line;
			sourceTree = "<group>";
		};
		22522B9E28DE8CC900442A0D /* Test1 */ = {
			isa = PBXGroup;
			children = (
				22522BA328DE8CEB00442A0D /* main.swift */,
			);
			path = Test1;
			sourceTree = "<group>";
		};
		22522B9F28DE8CD000442A0D /* Test2 */ = {
			isa = PBXGroup;
			children = (
				22522BA528DE8CF500442A0D /* main.swift */,
			);
			path = Test2;
			sourceTree = "<group>";
		};
		22522BA028DE8CD900442A0D /* Test3 */ = {
			isa = PBXGroup;
			children = (
				22522BA728DE8D0300442A0D /* main.swift */,
			);
			path = Test3;
			sourceTree = "<group>";
		};
		22522BA128DE8CDE00442A0D /* Test4 */ = {
			isa = PBXGroup;
			children = (
				22522BA928DE8D0900442A0D /* main.swift */,
			);
			path = Test4;
			sourceTree = "<group>";
		};
		22522BA228DE8CE300442A0D /* Test5 */ = {
			isa = PBXGroup;
			children = (
				22522BAB28DE8D0E00442A0D /* main.swift */,
			);
			path = Test5;
			sourceTree = "<group>";
		};
		22522BAF28E150A400442A0D /* 2206_벽부수기_dfs시간초과 */ = {
			isa = PBXGroup;
			children = (
				22522BB028E150B900442A0D /* main.swift */,
			);
			name = "2206_벽부수기_dfs시간초과";
			path = "2206_벽부수기";
			sourceTree = "<group>";
		};
		22522BB228E1643200442A0D /* 2206_벽부수기_bfs */ = {
			isa = PBXGroup;
			children = (
				22522BB328E1643F00442A0D /* main.swift */,
			);
			name = "2206_벽부수기_bfs";
			path = "2206_벽부수기_테스트";
			sourceTree = "<group>";
		};
		226AC2F928F1A1A8005FD43B /* MST */ = {
			isa = PBXGroup;
			children = (
				22DEA81628F8FF73007C4605 /* Graph.swift */,
				22DEA81828F911A3007C4605 /* PriorityQueue.swift */,
				22DEA81A28F911B6007C4605 /* Heap.swift */,
				22DEA81C28F911E0007C4605 /* UnionFind.swift */,
				226AC2FB28F1A1BC005FD43B /* Kruskal */,
				226AC2FA28F1A1B0005FD43B /* Prim */,
				22DEA80C28F79D58007C4605 /* Prim2 */,
			);
			path = MST;
			sourceTree = "<group>";
		};
		226AC2FA28F1A1B0005FD43B /* Prim */ = {
			isa = PBXGroup;
			children = (
				226AC2FC28F1A1FF005FD43B /* main.swift */,
			);
			path = Prim;
			sourceTree = "<group>";
		};
		226AC2FB28F1A1BC005FD43B /* Kruskal */ = {
			isa = PBXGroup;
			children = (
				226AC2FE28F1A207005FD43B /* main.swift */,
			);
			path = Kruskal;
			sourceTree = "<group>";
		};
		226DA11028DAF6D500E59B3A /* 2468_안전한영역 */ = {
			isa = PBXGroup;
			children = (
				226DA11128DAF6E700E59B3A /* main.swift */,
				226DA11328DB42A400E59B3A /* ranker.swift */,
				226DA11528DB46BA00E59B3A /* my.swift */,
			);
			name = "2468_안전한영역";
			path = "2468_안전한영역";
			sourceTree = "<group>";
		};
		226DA11728DBF7A700E59B3A /* Lv3_등산경로 */ = {
			isa = PBXGroup;
			children = (
				226DA11828DBF7C100E59B3A /* main.swift */,
				226DA11A28DC36EB00E59B3A /* ranker.swift */,
			);
			name = "Lv3_등산경로";
			path = "Lv3_등산경로";
			sourceTree = "<group>";
		};
		226F402A2906CC2B0067B052 /* 7562_나이트의이동 */ = {
			isa = PBXGroup;
			children = (
				226F402B2906CC3D0067B052 /* main.swift */,
			);
			name = "7562_나이트의이동";
			path = "7562_나이트의이동";
			sourceTree = "<group>";
		};
		2289322528F019EC00753F94 /* Nexon */ = {
			isa = PBXGroup;
			children = (
				2289323728F0483C00753F94 /* t0 */,
				2289323328F01A8D00753F94 /* t5 */,
				2289323228F01A8900753F94 /* t3 */,
				2289323128F01A8600753F94 /* t2 */,
				2289323028F01A8100753F94 /* t1 */,
			);
			path = Nexon;
			sourceTree = "<group>";
		};
		2289323028F01A8100753F94 /* t1 */ = {
			isa = PBXGroup;
			children = (
				2289322628F019F600753F94 /* main.swift */,
			);
			path = t1;
			sourceTree = "<group>";
		};
		2289323128F01A8600753F94 /* t2 */ = {
			isa = PBXGroup;
			children = (
				2289322828F019FC00753F94 /* main.swift */,
			);
			path = t2;
			sourceTree = "<group>";
		};
		2289323228F01A8900753F94 /* t3 */ = {
			isa = PBXGroup;
			children = (
				2289322A28F01A0200753F94 /* main.swift */,
			);
			path = t3;
			sourceTree = "<group>";
		};
		2289323328F01A8D00753F94 /* t5 */ = {
			isa = PBXGroup;
			children = (
				2289322C28F01A0700753F94 /* main.swift */,
			);
			path = t5;
			sourceTree = "<group>";
		};
		2289323728F0483C00753F94 /* t0 */ = {
			isa = PBXGroup;
			children = (
				2289323828F0484800753F94 /* main.swift */,
			);
			path = t0;
			sourceTree = "<group>";
		};
		229DEE3528F95486003D018B /* 1194_Ranker */ = {
			isa = PBXGroup;
			children = (
				229DEE3728F9549B003D018B /* main.swift */,
			);
			path = 1194_Ranker;
			sourceTree = "<group>";
		};
		22A8D3B82816356F001B6294 = {
			isa = PBXGroup;
			children = (
				2219F3EC28D6FD1E000EBF22 /* Theory */,
				221572CB28BC5DF200CA4568 /* ReviewNotes */,
				2228EAC4289E27F400EE46DE /* Test */,
				22A8D3DB2818D61F001B6294 /* Programmars */,
				22A8D3C32816356F001B6294 /* BOJ */,
				22A8D3C22816356F001B6294 /* Products */,
				22C927C7282F4CCB00E52C9B /* AlgorithmSwift-Bridging-Header.h */,
			);
			sourceTree = "<group>";
		};
		22A8D3C22816356F001B6294 /* Products */ = {
			isa = PBXGroup;
			children = (
				22A8D3C12816356F001B6294 /* AlgorithmSwift */,
			);
			name = Products;
			sourceTree = "<group>";
		};
		22A8D3C32816356F001B6294 /* BOJ */ = {
			isa = PBXGroup;
			children = (
				2247FA7C293070A8003DE656 /* 7576_토마토 */,
				22D30509290838E60070114D /* 12865_평범한배낭 */,
				226F402A2906CC2B0067B052 /* 7562_나이트의이동 */,
				229DEE3528F95486003D018B /* 1194_Ranker */,
				22DEA81E28F91E14007C4605 /* 1197_최소스패닝트리_크루스칼 */,
				22DEA81228F8F50A007C4605 /* 1197_최소스패닝트리_프림_메모리초과 */,
				22DEA80F28F7D805007C4605 /* 2583_영역구하기 */,
				22DEA80328F67FD7007C4605 /* 9935_문자열폭발 */,
				22DEA80028F66C08007C4605 /* 12904_A와B_반복문 */,
				22DEA7FD28F665D7007C4605 /* 12904_A와B_재귀_시간초과 */,
				222899A328EB0AE10038D6F8 /* 5014_스타트링크 */,
				2230FFB928E439C100F41EE0 /* 2493_탑 */,
				2230FFB628E41FD800F41EE0 /* 1149_RGB거리 */,
				2230FFB328E4077800F41EE0 /* 10026_적록색약 */,
				22522BB228E1643200442A0D /* 2206_벽부수기_bfs */,
				22522BAF28E150A400442A0D /* 2206_벽부수기_dfs시간초과 */,
				22522B9A28DDAFBB00442A0D /* 3190_뱀 */,
				226DA11028DAF6D500E59B3A /* 2468_안전한영역 */,
				22C76AF828D9FA42006B82C6 /* 11403_경로찾기 */,
				2219F3E628D4BD24000EBF22 /* 1946_신입사원 */,
				2219F3BF28D31811000EBF22 /* 1654_랜선자르기 */,
				22A8D3C42816356F001B6294 /* 9095.swift */,
				22A8D3CB28163C60001B6294 /* 15649_1.swift */,
				22A8D3CD28164173001B6294 /* 15649_2.swift */,
				22A8D3CF281787E3001B6294 /* 15650.swift */,
				22A8D3D3281790C1001B6294 /* 15650_2.swift */,
				22A8D3D528179222001B6294 /* 15651.swift */,
				22A8D3D72818D138001B6294 /* 15652.swift */,
				229696E4281F6EE500CB91AA /* 15654.swift */,
				22D4B0A32828FCF00012647F /* 1759.swift */,
				22D4B0A52829E59E0012647F /* 1697_재귀.swift */,
				22D4B0A72829F1810012647F /* 1697_반복문.swift */,
				22D4B0A9282B40480012647F /* 1991.swift */,
				22C927C5282F414400E52C9B /* 1260.swift */,
				22C927C8282F4CCC00E52C9B /* 10972_재귀문.swift */,
				22C927CA282F4FA000E52C9B /* 10972_반복문.swift */,
				22C927CC2830B0BA00E52C9B /* 14501_실패.swift */,
				22C927CE2830BBF000E52C9B /* 14501_DP.swift */,
				22C927D02831DD3C00E52C9B /* 11723_실패.swift */,
				22C927D228332A7800E52C9B /* 11723.swift */,
				22C927D328332AE500E52C9B /* 13023.swift */,
				22C927D5283531D200E52C9B /* 10819.swift */,
				22C89D42283A306300167FA5 /* 14889_시간초과.swift */,
				22C89D44283B1C4100167FA5 /* 14889.swift */,
				22C89D46283B2FF200167FA5 /* 11724_dfs실패.swift */,
				22C89D4A283C69E300167FA5 /* 11724_bfs성공.swift */,
				22EEFF55283DC0A100DE3C7C /* 1707.swift */,
				22EEFF57283F0A0000DE3C7C /* 13913_시간초과.swift */,
				22EEFF59283F1AD600DE3C7C /* 13913_랭커.swift */,
				221CC277284458EE009F4851 /* 2667.swift */,
				22E9001A2848602C000A82BE /* 14226.swift */,
				2222DBCC28694D8F00C1E24F /* 1012.swift */,
				224AAF34288108940053E66A /* 1679.swift */,
				2227A7B828B7180C00835165 /* 1756_시간초과.swift */,
				2227A7BA28B71EDB00835165 /* 1756_틀림.swift */,
				2227A7BC28B73A0700835165 /* 1756.swift */,
				221BA30C28BDA0780060F03B /* 19238_랭커.swift */,
				221BA32D28BEF6CD0060F03B /* 1931.swift */,
			);
			path = BOJ;
			sourceTree = "<group>";
		};
		22A8D3DB2818D61F001B6294 /* Programmars */ = {
			isa = PBXGroup;
			children = (
				226DA11728DBF7A700E59B3A /* Lv3_등산경로 */,
				2219F41B28D8879A000EBF22 /* Lv3_디스크컨트롤러 */,
				22FCE75828C5B55C00ACC9DF /* Lv2_프렌즈4블록 */,
				22A8D3D92818D60A001B6294 /* Lv1_Crane.swift */,
				22E8E62728216B3E00FF66E0 /* Lv2_문자열압축.swift */,
				220A2EA728278FE500FD346F /* Lv2_주차요금.swift */,
				22D4B0AB282BC64C0012647F /* Lv2_순위검색.swift */,
				2288477128936F3100C4B210 /* Lv1_신고결과받기.swift */,
				22E5BA1C289767F700438F21 /* Lv1_숫자문자열과영단어.swift */,
				22D9CB502898AA370011D5DD /* Lv2_순위검색1.swift */,
				221572C928BC4E7600CA4568 /* Lv2_후보키.swift */,
				221BA32F28C0913B0060F03B /* Lv2_괄호변환.swift */,
			);
			path = Programmars;
			sourceTree = "<group>";
		};
		22C76AF828D9FA42006B82C6 /* 11403_경로찾기 */ = {
			isa = PBXGroup;
			children = (
				22C76AF928D9FA52006B82C6 /* main.swift */,
			);
			name = "11403_경로찾기";
			path = "11403_경로찾기";
			sourceTree = "<group>";
		};
		22C988B128EDD6D9003859FF /* e.g. Heap */ = {
			isa = PBXGroup;
			children = (
				22C988B228EDD6F3003859FF /* main.swift */,
			);
			path = "e.g. Heap";
			sourceTree = "<group>";
		};
		22D30509290838E60070114D /* 12865_평범한배낭 */ = {
			isa = PBXGroup;
			children = (
				22D3050A290838F30070114D /* main.swift */,
			);
			name = "12865_평범한배낭";
			path = "12865_평범한배낭";
			sourceTree = "<group>";
		};
		22DEA7FD28F665D7007C4605 /* 12904_A와B_재귀_시간초과 */ = {
			isa = PBXGroup;
			children = (
				22DEA7FE28F665E5007C4605 /* main.swift */,
			);
			name = "12904_A와B_재귀_시간초과";
			path = "12904_A와B";
			sourceTree = "<group>";
		};
		22DEA80028F66C08007C4605 /* 12904_A와B_반복문 */ = {
			isa = PBXGroup;
			children = (
				22DEA80128F66C29007C4605 /* main.swift */,
			);
			name = "12904_A와B_반복문";
			path = "12904_A와B_반복문";
			sourceTree = "<group>";
		};
		22DEA80328F67FD7007C4605 /* 9935_문자열폭발 */ = {
			isa = PBXGroup;
			children = (
				22DEA80428F67FE5007C4605 /* main.swift */,
			);
			name = "9935_문자열폭발";
			path = "9935_문자열폭발";
			sourceTree = "<group>";
		};
		22DEA80C28F79D58007C4605 /* Prim2 */ = {
			isa = PBXGroup;
			children = (
				22DEA80D28F79D8B007C4605 /* main.swift */,
			);
			path = Prim2;
			sourceTree = "<group>";
		};
		22DEA80F28F7D805007C4605 /* 2583_영역구하기 */ = {
			isa = PBXGroup;
			children = (
				22DEA81028F7D819007C4605 /* main.swift */,
			);
			name = "2583_영역구하기";
			path = "2583_영역구하기";
			sourceTree = "<group>";
		};
		22DEA81228F8F50A007C4605 /* 1197_최소스패닝트리_프림_메모리초과 */ = {
			isa = PBXGroup;
			children = (
				22DEA81328F8F518007C4605 /* main.swift */,
			);
			name = "1197_최소스패닝트리_프림_메모리초과";
			path = "1197_최소스패닝트리";
			sourceTree = "<group>";
		};
		22DEA81E28F91E14007C4605 /* 1197_최소스패닝트리_크루스칼 */ = {
			isa = PBXGroup;
			children = (
				22DEA81F28F91E24007C4605 /* main.swift */,
			);
			name = "1197_최소스패닝트리_크루스칼";
			path = "1197_최소스패닝트리_크루스칼";
			sourceTree = "<group>";
		};
		22FCE75828C5B55C00ACC9DF /* Lv2_프렌즈4블록 */ = {
			isa = PBXGroup;
			children = (
				22FCE75928C5B57C00ACC9DF /* main.swift */,
			);
			name = "Lv2_프렌즈4블록";
			path = "Lv2_프렌즈4차블록";
			sourceTree = "<group>";
		};
/* End PBXGroup section */

/* Begin PBXNativeTarget section */
		22A8D3C02816356F001B6294 /* AlgorithmSwift */ = {
			isa = PBXNativeTarget;
			buildConfigurationList = 22A8D3C82816356F001B6294 /* Build configuration list for PBXNativeTarget "AlgorithmSwift" */;
			buildPhases = (
				22A8D3BD2816356F001B6294 /* Sources */,
				22A8D3BE2816356F001B6294 /* Frameworks */,
				22A8D3BF2816356F001B6294 /* CopyFiles */,
			);
			buildRules = (
			);
			dependencies = (
			);
			name = AlgorithmSwift;
			productName = AlgorithmSwift;
			productReference = 22A8D3C12816356F001B6294 /* AlgorithmSwift */;
			productType = "com.apple.product-type.tool";
		};
/* End PBXNativeTarget section */

/* Begin PBXProject section */
		22A8D3B92816356F001B6294 /* Project object */ = {
			isa = PBXProject;
			attributes = {
				BuildIndependentTargetsInParallel = 1;
				LastSwiftUpdateCheck = 1330;
				LastUpgradeCheck = 1330;
				TargetAttributes = {
					22A8D3C02816356F001B6294 = {
						CreatedOnToolsVersion = 13.3;
						LastSwiftMigration = 1330;
					};
				};
			};
			buildConfigurationList = 22A8D3BC2816356F001B6294 /* Build configuration list for PBXProject "AlgorithmSwift" */;
			compatibilityVersion = "Xcode 13.0";
			developmentRegion = en;
			hasScannedForEncodings = 0;
			knownRegions = (
				en,
				Base,
			);
			mainGroup = 22A8D3B82816356F001B6294;
			productRefGroup = 22A8D3C22816356F001B6294 /* Products */;
			projectDirPath = "";
			projectRoot = "";
			targets = (
				22A8D3C02816356F001B6294 /* AlgorithmSwift */,
			);
		};
/* End PBXProject section */

/* Begin PBXSourcesBuildPhase section */
		22A8D3BD2816356F001B6294 /* Sources */ = {
			isa = PBXSourcesBuildPhase;
			buildActionMask = 2147483647;
			files = (
				2247FA7E293070B6003DE656 /* main.swift in Sources */,
			);
			runOnlyForDeploymentPostprocessing = 0;
		};
/* End PBXSourcesBuildPhase section */

/* Begin XCBuildConfiguration section */
		22A8D3C62816356F001B6294 /* Debug */ = {
			isa = XCBuildConfiguration;
			buildSettings = {
				ALWAYS_SEARCH_USER_PATHS = NO;
				CLANG_ANALYZER_NONNULL = YES;
				CLANG_ANALYZER_NUMBER_OBJECT_CONVERSION = YES_AGGRESSIVE;
				CLANG_CXX_LANGUAGE_STANDARD = "gnu++17";
				CLANG_ENABLE_MODULES = YES;
				CLANG_ENABLE_OBJC_ARC = YES;
				CLANG_ENABLE_OBJC_WEAK = YES;
				CLANG_WARN_BLOCK_CAPTURE_AUTORELEASING = YES;
				CLANG_WARN_BOOL_CONVERSION = YES;
				CLANG_WARN_COMMA = YES;
				CLANG_WARN_CONSTANT_CONVERSION = YES;
				CLANG_WARN_DEPRECATED_OBJC_IMPLEMENTATIONS = YES;
				CLANG_WARN_DIRECT_OBJC_ISA_USAGE = YES_ERROR;
				CLANG_WARN_DOCUMENTATION_COMMENTS = YES;
				CLANG_WARN_EMPTY_BODY = YES;
				CLANG_WARN_ENUM_CONVERSION = YES;
				CLANG_WARN_INFINITE_RECURSION = YES;
				CLANG_WARN_INT_CONVERSION = YES;
				CLANG_WARN_NON_LITERAL_NULL_CONVERSION = YES;
				CLANG_WARN_OBJC_IMPLICIT_RETAIN_SELF = YES;
				CLANG_WARN_OBJC_LITERAL_CONVERSION = YES;
				CLANG_WARN_OBJC_ROOT_CLASS = YES_ERROR;
				CLANG_WARN_QUOTED_INCLUDE_IN_FRAMEWORK_HEADER = YES;
				CLANG_WARN_RANGE_LOOP_ANALYSIS = YES;
				CLANG_WARN_STRICT_PROTOTYPES = YES;
				CLANG_WARN_SUSPICIOUS_MOVE = YES;
				CLANG_WARN_UNGUARDED_AVAILABILITY = YES_AGGRESSIVE;
				CLANG_WARN_UNREACHABLE_CODE = YES;
				CLANG_WARN__DUPLICATE_METHOD_MATCH = YES;
				COPY_PHASE_STRIP = NO;
				DEBUG_INFORMATION_FORMAT = dwarf;
				ENABLE_STRICT_OBJC_MSGSEND = YES;
				ENABLE_TESTABILITY = YES;
				GCC_C_LANGUAGE_STANDARD = gnu11;
				GCC_DYNAMIC_NO_PIC = NO;
				GCC_NO_COMMON_BLOCKS = YES;
				GCC_OPTIMIZATION_LEVEL = 0;
				GCC_PREPROCESSOR_DEFINITIONS = (
					"DEBUG=1",
					"$(inherited)",
				);
				GCC_WARN_64_TO_32_BIT_CONVERSION = YES;
				GCC_WARN_ABOUT_RETURN_TYPE = YES_ERROR;
				GCC_WARN_UNDECLARED_SELECTOR = YES;
				GCC_WARN_UNINITIALIZED_AUTOS = YES_AGGRESSIVE;
				GCC_WARN_UNUSED_FUNCTION = YES;
				GCC_WARN_UNUSED_VARIABLE = YES;
				MACOSX_DEPLOYMENT_TARGET = 12.3;
				MTL_ENABLE_DEBUG_INFO = INCLUDE_SOURCE;
				MTL_FAST_MATH = YES;
				ONLY_ACTIVE_ARCH = YES;
				SDKROOT = macosx;
				SWIFT_ACTIVE_COMPILATION_CONDITIONS = DEBUG;
				SWIFT_OPTIMIZATION_LEVEL = "-Onone";
			};
			name = Debug;
		};
		22A8D3C72816356F001B6294 /* Release */ = {
			isa = XCBuildConfiguration;
			buildSettings = {
				ALWAYS_SEARCH_USER_PATHS = NO;
				CLANG_ANALYZER_NONNULL = YES;
				CLANG_ANALYZER_NUMBER_OBJECT_CONVERSION = YES_AGGRESSIVE;
				CLANG_CXX_LANGUAGE_STANDARD = "gnu++17";
				CLANG_ENABLE_MODULES = YES;
				CLANG_ENABLE_OBJC_ARC = YES;
				CLANG_ENABLE_OBJC_WEAK = YES;
				CLANG_WARN_BLOCK_CAPTURE_AUTORELEASING = YES;
				CLANG_WARN_BOOL_CONVERSION = YES;
				CLANG_WARN_COMMA = YES;
				CLANG_WARN_CONSTANT_CONVERSION = YES;
				CLANG_WARN_DEPRECATED_OBJC_IMPLEMENTATIONS = YES;
				CLANG_WARN_DIRECT_OBJC_ISA_USAGE = YES_ERROR;
				CLANG_WARN_DOCUMENTATION_COMMENTS = YES;
				CLANG_WARN_EMPTY_BODY = YES;
				CLANG_WARN_ENUM_CONVERSION = YES;
				CLANG_WARN_INFINITE_RECURSION = YES;
				CLANG_WARN_INT_CONVERSION = YES;
				CLANG_WARN_NON_LITERAL_NULL_CONVERSION = YES;
				CLANG_WARN_OBJC_IMPLICIT_RETAIN_SELF = YES;
				CLANG_WARN_OBJC_LITERAL_CONVERSION = YES;
				CLANG_WARN_OBJC_ROOT_CLASS = YES_ERROR;
				CLANG_WARN_QUOTED_INCLUDE_IN_FRAMEWORK_HEADER = YES;
				CLANG_WARN_RANGE_LOOP_ANALYSIS = YES;
				CLANG_WARN_STRICT_PROTOTYPES = YES;
				CLANG_WARN_SUSPICIOUS_MOVE = YES;
				CLANG_WARN_UNGUARDED_AVAILABILITY = YES_AGGRESSIVE;
				CLANG_WARN_UNREACHABLE_CODE = YES;
				CLANG_WARN__DUPLICATE_METHOD_MATCH = YES;
				COPY_PHASE_STRIP = NO;
				DEBUG_INFORMATION_FORMAT = "dwarf-with-dsym";
				ENABLE_NS_ASSERTIONS = NO;
				ENABLE_STRICT_OBJC_MSGSEND = YES;
				GCC_C_LANGUAGE_STANDARD = gnu11;
				GCC_NO_COMMON_BLOCKS = YES;
				GCC_WARN_64_TO_32_BIT_CONVERSION = YES;
				GCC_WARN_ABOUT_RETURN_TYPE = YES_ERROR;
				GCC_WARN_UNDECLARED_SELECTOR = YES;
				GCC_WARN_UNINITIALIZED_AUTOS = YES_AGGRESSIVE;
				GCC_WARN_UNUSED_FUNCTION = YES;
				GCC_WARN_UNUSED_VARIABLE = YES;
				MACOSX_DEPLOYMENT_TARGET = 12.3;
				MTL_ENABLE_DEBUG_INFO = NO;
				MTL_FAST_MATH = YES;
				SDKROOT = macosx;
				SWIFT_COMPILATION_MODE = wholemodule;
				SWIFT_OPTIMIZATION_LEVEL = "-O";
			};
			name = Release;
		};
		22A8D3C92816356F001B6294 /* Debug */ = {
			isa = XCBuildConfiguration;
			buildSettings = {
				CLANG_ENABLE_MODULES = YES;
				CODE_SIGN_STYLE = Automatic;
				DEVELOPMENT_TEAM = JASCMY8XL7;
				ENABLE_HARDENED_RUNTIME = YES;
				LD_RUNPATH_SEARCH_PATHS = (
					"$(inherited)",
					"@executable_path/../Frameworks",
					"@loader_path/../Frameworks",
				);
				PRODUCT_NAME = "$(TARGET_NAME)";
				SWIFT_OBJC_BRIDGING_HEADER = "AlgorithmSwift-Bridging-Header.h";
				SWIFT_OPTIMIZATION_LEVEL = "-Onone";
				SWIFT_VERSION = 5.0;
			};
			name = Debug;
		};
		22A8D3CA2816356F001B6294 /* Release */ = {
			isa = XCBuildConfiguration;
			buildSettings = {
				CLANG_ENABLE_MODULES = YES;
				CODE_SIGN_STYLE = Automatic;
				DEVELOPMENT_TEAM = JASCMY8XL7;
				ENABLE_HARDENED_RUNTIME = YES;
				LD_RUNPATH_SEARCH_PATHS = (
					"$(inherited)",
					"@executable_path/../Frameworks",
					"@loader_path/../Frameworks",
				);
				PRODUCT_NAME = "$(TARGET_NAME)";
				SWIFT_OBJC_BRIDGING_HEADER = "AlgorithmSwift-Bridging-Header.h";
				SWIFT_VERSION = 5.0;
			};
			name = Release;
		};
/* End XCBuildConfiguration section */

/* Begin XCConfigurationList section */
		22A8D3BC2816356F001B6294 /* Build configuration list for PBXProject "AlgorithmSwift" */ = {
			isa = XCConfigurationList;
			buildConfigurations = (
				22A8D3C62816356F001B6294 /* Debug */,
				22A8D3C72816356F001B6294 /* Release */,
			);
			defaultConfigurationIsVisible = 0;
			defaultConfigurationName = Release;
		};
		22A8D3C82816356F001B6294 /* Build configuration list for PBXNativeTarget "AlgorithmSwift" */ = {
			isa = XCConfigurationList;
			buildConfigurations = (
				22A8D3C92816356F001B6294 /* Debug */,
				22A8D3CA2816356F001B6294 /* Release */,
			);
			defaultConfigurationIsVisible = 0;
			defaultConfigurationName = Release;
		};
/* End XCConfigurationList section */
	};
	rootObject = 22A8D3B92816356F001B6294 /* Project object */;
}
